
Microsoft Visual Studio Solution File, Format Version 12.00
# Visual Studio Version 16
VisualStudioVersion = 16.0.30503.244
MinimumVisualStudioVersion = 10.0.40219.1
Project("{FAE04EC0-301F-11D3-BF4B-00C04F79EFBC}") = "One", "One\One.csproj", "{C2277EA8-96CF-4088-9FAE-05DE50C8D568}"
EndProject
Global
	GlobalSection(SolutionConfigurationPlatforms) = preSolution
		Debug|Any CPU = Debug|Any CPU
		Release|Any CPU = Release|Any CPU
	EndGlobalSection
	GlobalSection(ProjectConfigurationPlatforms) = postSolution
		{C2277EA8-96CF-4088-9FAE-05DE50C8D568}.Debug|Any CPU.ActiveCfg = Debug|Any CPU
		{C2277EA8-96CF-4088-9FAE-05DE50C8D568}.Debug|Any CPU.Build.0 = Debug|Any CPU
		{C2277EA8-96CF-4088-9FAE-05DE50C8D568}.Release|Any CPU.ActiveCfg = Release|Any CPU
		{C2277EA8-96CF-4088-9FAE-05DE50C8D568}.Release|Any CPU.Build.0 = Release|Any CPU
	EndGlobalSection
	GlobalSection(SolutionProperties) = preSolution
		HideSolutionNode = FALSE
	EndGlobalSection
	GlobalSection(ExtensibilityGlobals) = postSolution
		SolutionGuid = {9EB905D7-0E64-4D09-8BF7-C5DE6C656476}
	EndGlobalSection
EndGlobal
